// !$*UTF8*$!
{
	archiveVersion = 1;
	classes = {
	};
	objectVersion = 55;
	objects = {

/* Begin PBXBuildFile section */
		1894488829B1F5F100A56EEE /* AppDelegate.swift in Sources */ = {isa = PBXBuildFile; fileRef = 1894488729B1F5F100A56EEE /* AppDelegate.swift */; };
		1894488C29B1F5F100A56EEE /* ViewController.swift in Sources */ = {isa = PBXBuildFile; fileRef = 1894488B29B1F5F100A56EEE /* ViewController.swift */; };
		1894488F29B1F5F100A56EEE /* Main.storyboard in Resources */ = {isa = PBXBuildFile; fileRef = 1894488D29B1F5F100A56EEE /* Main.storyboard */; };
		1894489129B1F5F400A56EEE /* Assets.xcassets in Resources */ = {isa = PBXBuildFile; fileRef = 1894489029B1F5F400A56EEE /* Assets.xcassets */; };
		1894489429B1F5F400A56EEE /* LaunchScreen.storyboard in Resources */ = {isa = PBXBuildFile; fileRef = 1894489229B1F5F400A56EEE /* LaunchScreen.storyboard */; };
		1894489D29B20A3600A56EEE /* FirebaseAnalytics in Frameworks */ = {isa = PBXBuildFile; productRef = 1894489C29B20A3600A56EEE /* FirebaseAnalytics */; };
		1894489F29B20A3600A56EEE /* FirebaseAuth in Frameworks */ = {isa = PBXBuildFile; productRef = 1894489E29B20A3600A56EEE /* FirebaseAuth */; };
		189448A129B20A3600A56EEE /* FirebaseCrashlytics in Frameworks */ = {isa = PBXBuildFile; productRef = 189448A029B20A3600A56EEE /* FirebaseCrashlytics */; };
		189448A329B20A3600A56EEE /* FirebaseDatabase in Frameworks */ = {isa = PBXBuildFile; productRef = 189448A229B20A3600A56EEE /* FirebaseDatabase */; };
		189448A529B20A3600A56EEE /* FirebaseFirestore in Frameworks */ = {isa = PBXBuildFile; productRef = 189448A429B20A3600A56EEE /* FirebaseFirestore */; };
		189448A729B20A3600A56EEE /* FirebaseInAppMessaging-Beta in Frameworks */ = {isa = PBXBuildFile; productRef = 189448A629B20A3600A56EEE /* FirebaseInAppMessaging-Beta */; };
		189448A929B20A3600A56EEE /* FirebaseInAppMessagingSwift-Beta in Frameworks */ = {isa = PBXBuildFile; productRef = 189448A829B20A3600A56EEE /* FirebaseInAppMessagingSwift-Beta */; };
		189448AB29B20A3600A56EEE /* FirebaseInstallations in Frameworks */ = {isa = PBXBuildFile; productRef = 189448AA29B20A3600A56EEE /* FirebaseInstallations */; };
		189448AD29B20A3600A56EEE /* FirebaseRemoteConfig in Frameworks */ = {isa = PBXBuildFile; productRef = 189448AC29B20A3600A56EEE /* FirebaseRemoteConfig */; };
		189448AF29B20A3600A56EEE /* FirebaseRemoteConfigSwift in Frameworks */ = {isa = PBXBuildFile; productRef = 189448AE29B20A3600A56EEE /* FirebaseRemoteConfigSwift */; };
		18B6765129B20D06003D0CC4 /* GoogleService-Info.plist in Resources */ = {isa = PBXBuildFile; fileRef = 18B6765029B20D05003D0CC4 /* GoogleService-Info.plist */; };
/* End PBXBuildFile section */

/* Begin PBXFileReference section */
		1894488429B1F5F100A56EEE /* InAppNotification.app */ = {isa = PBXFileReference; explicitFileType = wrapper.application; includeInIndex = 0; path = InAppNotification.app; sourceTree = BUILT_PRODUCTS_DIR; };
		1894488729B1F5F100A56EEE /* AppDelegate.swift */ = {isa = PBXFileReference; lastKnownFileType = sourcecode.swift; path = AppDelegate.swift; sourceTree = "<group>"; };
		1894488B29B1F5F100A56EEE /* ViewController.swift */ = {isa = PBXFileReference; lastKnownFileType = sourcecode.swift; path = ViewController.swift; sourceTree = "<group>"; };
		1894488E29B1F5F100A56EEE /* Base */ = {isa = PBXFileReference; lastKnownFileType = file.storyboard; name = Base; path = Base.lproj/Main.storyboard; sourceTree = "<group>"; };
		1894489029B1F5F400A56EEE /* Assets.xcassets */ = {isa = PBXFileReference; lastKnownFileType = folder.assetcatalog; path = Assets.xcassets; sourceTree = "<group>"; };
		1894489329B1F5F400A56EEE /* Base */ = {isa = PBXFileReference; lastKnownFileType = file.storyboard; name = Base; path = Base.lproj/LaunchScreen.storyboard; sourceTree = "<group>"; };
		1894489529B1F5F400A56EEE /* Info.plist */ = {isa = PBXFileReference; lastKnownFileType = text.plist.xml; path = Info.plist; sourceTree = "<group>"; };
		18B6765029B20D05003D0CC4 /* GoogleService-Info.plist */ = {isa = PBXFileReference; fileEncoding = 4; lastKnownFileType = text.plist.xml; name = "GoogleService-Info.plist"; path = "../../../Downloads/GoogleService-Info.plist"; sourceTree = "<group>"; };
/* End PBXFileReference section */

/* Begin PBXFrameworksBuildPhase section */
		1894488129B1F5F100A56EEE /* Frameworks */ = {
			isa = PBXFrameworksBuildPhase;
			buildActionMask = 2147483647;
			files = (
				189448A329B20A3600A56EEE /* FirebaseDatabase in Frameworks */,
				189448A729B20A3600A56EEE /* FirebaseInAppMessaging-Beta in Frameworks */,
				189448A929B20A3600A56EEE /* FirebaseInAppMessagingSwift-Beta in Frameworks */,
				189448AB29B20A3600A56EEE /* FirebaseInstallations in Frameworks */,
				1894489D29B20A3600A56EEE /* FirebaseAnalytics in Frameworks */,
				189448AF29B20A3600A56EEE /* FirebaseRemoteConfigSwift in Frameworks */,
				189448A129B20A3600A56EEE /* FirebaseCrashlytics in Frameworks */,
				1894489F29B20A3600A56EEE /* FirebaseAuth in Frameworks */,
				189448A529B20A3600A56EEE /* FirebaseFirestore in Frameworks */,
				189448AD29B20A3600A56EEE /* FirebaseRemoteConfig in Frameworks */,
			);
			runOnlyForDeploymentPostprocessing = 0;
		};
/* End PBXFrameworksBuildPhase section */

/* Begin PBXGroup section */
		1894487B29B1F5F100A56EEE = {
			isa = PBXGroup;
			children = (
				1894488629B1F5F100A56EEE /* InAppNotification */,
				1894488529B1F5F100A56EEE /* Products */,
			);
			sourceTree = "<group>";
		};
		1894488529B1F5F100A56EEE /* Products */ = {
			isa = PBXGroup;
			children = (
				1894488429B1F5F100A56EEE /* InAppNotification.app */,
			);
			name = Products;
			sourceTree = "<group>";
		};
		1894488629B1F5F100A56EEE /* InAppNotification */ = {
			isa = PBXGroup;
			children = (
				1894488729B1F5F100A56EEE /* AppDelegate.swift */,
				1894488B29B1F5F100A56EEE /* ViewController.swift */,
				1894488D29B1F5F100A56EEE /* Main.storyboard */,
				1894489029B1F5F400A56EEE /* Assets.xcassets */,
				1894489229B1F5F400A56EEE /* LaunchScreen.storyboard */,
				1894489529B1F5F400A56EEE /* Info.plist */,
				18B6765029B20D05003D0CC4 /* GoogleService-Info.plist */,
			);
			path = InAppNotification;
			sourceTree = "<group>";
		};
/* End PBXGroup section */

/* Begin PBXNativeTarget section */
		1894488329B1F5F100A56EEE /* InAppNotification */ = {
			isa = PBXNativeTarget;
			buildConfigurationList = 1894489829B1F5F400A56EEE /* Build configuration list for PBXNativeTarget "InAppNotification" */;
			buildPhases = (
				1894488029B1F5F100A56EEE /* Sources */,
				1894488129B1F5F100A56EEE /* Frameworks */,
				1894488229B1F5F100A56EEE /* Resources */,
			);
			buildRules = (
			);
			dependencies = (
			);
			name = InAppNotification;
			packageProductDependencies = (
				1894489C29B20A3600A56EEE /* FirebaseAnalytics */,
				1894489E29B20A3600A56EEE /* FirebaseAuth */,
				189448A029B20A3600A56EEE /* FirebaseCrashlytics */,
				189448A229B20A3600A56EEE /* FirebaseDatabase */,
				189448A429B20A3600A56EEE /* FirebaseFirestore */,
				189448A629B20A3600A56EEE /* FirebaseInAppMessaging-Beta */,
				189448A829B20A3600A56EEE /* FirebaseInAppMessagingSwift-Beta */,
				189448AA29B20A3600A56EEE /* FirebaseInstallations */,
				189448AC29B20A3600A56EEE /* FirebaseRemoteConfig */,
				189448AE29B20A3600A56EEE /* FirebaseRemoteConfigSwift */,
			);
			productName = InAppNotification;
			productReference = 1894488429B1F5F100A56EEE /* InAppNotification.app */;
			productType = "com.apple.product-type.application";
		};
/* End PBXNativeTarget section */

/* Begin PBXProject section */
		1894487C29B1F5F100A56EEE /* Project object */ = {
			isa = PBXProject;
			attributes = {
				BuildIndependentTargetsInParallel = 1;
				LastSwiftUpdateCheck = 1320;
				LastUpgradeCheck = 1320;
				TargetAttributes = {
					1894488329B1F5F100A56EEE = {
						CreatedOnToolsVersion = 13.2.1;
					};
				};
			};
			buildConfigurationList = 1894487F29B1F5F100A56EEE /* Build configuration list for PBXProject "InAppNotification" */;
			compatibilityVersion = "Xcode 13.0";
			developmentRegion = en;
			hasScannedForEncodings = 0;
			knownRegions = (
				en,
				Base,
			);
			mainGroup = 1894487B29B1F5F100A56EEE;
			packageReferences = (
				1894489B29B20A3600A56EEE /* XCRemoteSwiftPackageReference "firebase-ios-sdk" */,
			);
			productRefGroup = 1894488529B1F5F100A56EEE /* Products */;
			projectDirPath = "";
			projectRoot = "";
			targets = (
				1894488329B1F5F100A56EEE /* InAppNotification */,
			);
		};
/* End PBXProject section */

/* Begin PBXResourcesBuildPhase section */
		1894488229B1F5F100A56EEE /* Resources */ = {
			isa = PBXResourcesBuildPhase;
			buildActionMask = 2147483647;
			files = (
				1894489429B1F5F400A56EEE /* LaunchScreen.storyboard in Resources */,
				18B6765129B20D06003D0CC4 /* GoogleService-Info.plist in Resources */,
				1894489129B1F5F400A56EEE /* Assets.xcassets in Resources */,
				1894488F29B1F5F100A56EEE /* Main.storyboard in Resources */,
			);
			runOnlyForDeploymentPostprocessing = 0;
		};
/* End PBXResourcesBuildPhase section */

/* Begin PBXSourcesBuildPhase section */
		1894488029B1F5F100A56EEE /* Sources */ = {
			isa = PBXSourcesBuildPhase;
			buildActionMask = 2147483647;
			files = (
				1894488C29B1F5F100A56EEE /* ViewController.swift in Sources */,
				1894488829B1F5F100A56EEE /* AppDelegate.swift in Sources */,
			);
			runOnlyForDeploymentPostprocessing = 0;
		};
/* End PBXSourcesBuildPhase section */

/* Begin PBXVariantGroup section */
		1894488D29B1F5F100A56EEE /* Main.storyboard */ = {
			isa = PBXVariantGroup;
			children = (
				1894488E29B1F5F100A56EEE /* Base */,
			);
			name = Main.storyboard;
			sourceTree = "<group>";
		};
		1894489229B1F5F400A56EEE /* LaunchScreen.storyboard */ = {
			isa = PBXVariantGroup;
			children = (
				1894489329B1F5F400A56EEE /* Base */,
			);
			name = LaunchScreen.storyboard;
			sourceTree = "<group>";
		};
/* End PBXVariantGroup section */

/* Begin XCBuildConfiguration section */
		1894489629B1F5F400A56EEE /* Debug */ = {
			isa = XCBuildConfiguration;
			buildSettings = {
				ALWAYS_SEARCH_USER_PATHS = NO;
				CLANG_ANALYZER_NONNULL = YES;
				CLANG_ANALYZER_NUMBER_OBJECT_CONVERSION = YES_AGGRESSIVE;
				CLANG_CXX_LANGUAGE_STANDARD = "gnu++17";
				CLANG_CXX_LIBRARY = "libc++";
				CLANG_ENABLE_MODULES = YES;
				CLANG_ENABLE_OBJC_ARC = YES;
				CLANG_ENABLE_OBJC_WEAK = YES;
				CLANG_WARN_BLOCK_CAPTURE_AUTORELEASING = YES;
				CLANG_WARN_BOOL_CONVERSION = YES;
				CLANG_WARN_COMMA = YES;
				CLANG_WARN_CONSTANT_CONVERSION = YES;
				CLANG_WARN_DEPRECATED_OBJC_IMPLEMENTATIONS = YES;
				CLANG_WARN_DIRECT_OBJC_ISA_USAGE = YES_ERROR;
				CLANG_WARN_DOCUMENTATION_COMMENTS = YES;
				CLANG_WARN_EMPTY_BODY = YES;
				CLANG_WARN_ENUM_CONVERSION = YES;
				CLANG_WARN_INFINITE_RECURSION = YES;
				CLANG_WARN_INT_CONVERSION = YES;
				CLANG_WARN_NON_LITERAL_NULL_CONVERSION = YES;
				CLANG_WARN_OBJC_IMPLICIT_RETAIN_SELF = YES;
				CLANG_WARN_OBJC_LITERAL_CONVERSION = YES;
				CLANG_WARN_OBJC_ROOT_CLASS = YES_ERROR;
				CLANG_WARN_QUOTED_INCLUDE_IN_FRAMEWORK_HEADER = YES;
				CLANG_WARN_RANGE_LOOP_ANALYSIS = YES;
				CLANG_WARN_STRICT_PROTOTYPES = YES;
				CLANG_WARN_SUSPICIOUS_MOVE = YES;
				CLANG_WARN_UNGUARDED_AVAILABILITY = YES_AGGRESSIVE;
				CLANG_WARN_UNREACHABLE_CODE = YES;
				CLANG_WARN__DUPLICATE_METHOD_MATCH = YES;
				COPY_PHASE_STRIP = NO;
				DEBUG_INFORMATION_FORMAT = dwarf;
				ENABLE_STRICT_OBJC_MSGSEND = YES;
				ENABLE_TESTABILITY = YES;
				GCC_C_LANGUAGE_STANDARD = gnu11;
				GCC_DYNAMIC_NO_PIC = NO;
				GCC_NO_COMMON_BLOCKS = YES;
				GCC_OPTIMIZATION_LEVEL = 0;
				GCC_PREPROCESSOR_DEFINITIONS = (
					"DEBUG=1",
					"$(inherited)",
				);
				GCC_WARN_64_TO_32_BIT_CONVERSION = YES;
				GCC_WARN_ABOUT_RETURN_TYPE = YES_ERROR;
				GCC_WARN_UNDECLARED_SELECTOR = YES;
				GCC_WARN_UNINITIALIZED_AUTOS = YES_AGGRESSIVE;
				GCC_WARN_UNUSED_FUNCTION = YES;
				GCC_WARN_UNUSED_VARIABLE = YES;
				IPHONEOS_DEPLOYMENT_TARGET = 15.2;
				MTL_ENABLE_DEBUG_INFO = INCLUDE_SOURCE;
				MTL_FAST_MATH = YES;
				ONLY_ACTIVE_ARCH = YES;
				SDKROOT = iphoneos;
				SWIFT_ACTIVE_COMPILATION_CONDITIONS = DEBUG;
				SWIFT_OPTIMIZATION_LEVEL = "-Onone";
			};
			name = Debug;
		};
		1894489729B1F5F400A56EEE /* Release */ = {
			isa = XCBuildConfiguration;
			buildSettings = {
				ALWAYS_SEARCH_USER_PATHS = NO;
				CLANG_ANALYZER_NONNULL = YES;
				CLANG_ANALYZER_NUMBER_OBJECT_CONVERSION = YES_AGGRESSIVE;
				CLANG_CXX_LANGUAGE_STANDARD = "gnu++17";
				CLANG_CXX_LIBRARY = "libc++";
				CLANG_ENABLE_MODULES = YES;
				CLANG_ENABLE_OBJC_ARC = YES;
				CLANG_ENABLE_OBJC_WEAK = YES;
				CLANG_WARN_BLOCK_CAPTURE_AUTORELEASING = YES;
				CLANG_WARN_BOOL_CONVERSION = YES;
				CLANG_WARN_COMMA = YES;
				CLANG_WARN_CONSTANT_CONVERSION = YES;
				CLANG_WARN_DEPRECATED_OBJC_IMPLEMENTATIONS = YES;
				CLANG_WARN_DIRECT_OBJC_ISA_USAGE = YES_ERROR;
				CLANG_WARN_DOCUMENTATION_COMMENTS = YES;
				CLANG_WARN_EMPTY_BODY = YES;
				CLANG_WARN_ENUM_CONVERSION = YES;
				CLANG_WARN_INFINITE_RECURSION = YES;
				CLANG_WARN_INT_CONVERSION = YES;
				CLANG_WARN_NON_LITERAL_NULL_CONVERSION = YES;
				CLANG_WARN_OBJC_IMPLICIT_RETAIN_SELF = YES;
				CLANG_WARN_OBJC_LITERAL_CONVERSION = YES;
				CLANG_WARN_OBJC_ROOT_CLASS = YES_ERROR;
				CLANG_WARN_QUOTED_INCLUDE_IN_FRAMEWORK_HEADER = YES;
				CLANG_WARN_RANGE_LOOP_ANALYSIS = YES;
				CLANG_WARN_STRICT_PROTOTYPES = YES;
				CLANG_WARN_SUSPICIOUS_MOVE = YES;
				CLANG_WARN_UNGUARDED_AVAILABILITY = YES_AGGRESSIVE;
				CLANG_WARN_UNREACHABLE_CODE = YES;
				CLANG_WARN__DUPLICATE_METHOD_MATCH = YES;
				COPY_PHASE_STRIP = NO;
				DEBUG_INFORMATION_FORMAT = "dwarf-with-dsym";
				ENABLE_NS_ASSERTIONS = NO;
				ENABLE_STRICT_OBJC_MSGSEND = YES;
				GCC_C_LANGUAGE_STANDARD = gnu11;
				GCC_NO_COMMON_BLOCKS = YES;
				GCC_WARN_64_TO_32_BIT_CONVERSION = YES;
				GCC_WARN_ABOUT_RETURN_TYPE = YES_ERROR;
				GCC_WARN_UNDECLARED_SELECTOR = YES;
				GCC_WARN_UNINITIALIZED_AUTOS = YES_AGGRESSIVE;
				GCC_WARN_UNUSED_FUNCTION = YES;
				GCC_WARN_UNUSED_VARIABLE = YES;
				IPHONEOS_DEPLOYMENT_TARGET = 15.2;
				MTL_ENABLE_DEBUG_INFO = NO;
				MTL_FAST_MATH = YES;
				SDKROOT = iphoneos;
				SWIFT_COMPILATION_MODE = wholemodule;
				SWIFT_OPTIMIZATION_LEVEL = "-O";
				VALIDATE_PRODUCT = YES;
			};
			name = Release;
		};
		1894489929B1F5F400A56EEE /* Debug */ = {
			isa = XCBuildConfiguration;
			buildSettings = {
				ASSETCATALOG_COMPILER_APPICON_NAME = AppIcon;
				ASSETCATALOG_COMPILER_GLOBAL_ACCENT_COLOR_NAME = AccentColor;
				CODE_SIGN_IDENTITY = "iPhone Developer";
				CODE_SIGN_STYLE = Manual;
				CURRENT_PROJECT_VERSION = 1;
				DEVELOPMENT_TEAM = 6CWF679Z8N;
				GENERATE_INFOPLIST_FILE = YES;
				INFOPLIST_FILE = InAppNotification/Info.plist;
				INFOPLIST_KEY_UIApplicationSupportsIndirectInputEvents = YES;
				INFOPLIST_KEY_UILaunchStoryboardName = LaunchScreen;
				INFOPLIST_KEY_UIMainStoryboardFile = Main;
				INFOPLIST_KEY_UISupportedInterfaceOrientations_iPad = "UIInterfaceOrientationPortrait UIInterfaceOrientationPortraitUpsideDown UIInterfaceOrientationLandscapeLeft UIInterfaceOrientationLandscapeRight";
				INFOPLIST_KEY_UISupportedInterfaceOrientations_iPhone = "UIInterfaceOrientationPortrait UIInterfaceOrientationLandscapeLeft UIInterfaceOrientationLandscapeRight";
				IPHONEOS_DEPLOYMENT_TARGET = 12.2;
				LD_RUNPATH_SEARCH_PATHS = (
					"$(inherited)",
					"@executable_path/Frameworks",
				);
				MARKETING_VERSION = 1.0;
				PRODUCT_BUNDLE_IDENTIFIER = com.sparkout.test;
				PRODUCT_NAME = "$(TARGET_NAME)";
				PROVISIONING_PROFILE_SPECIFIER = test_project_dev;
				SWIFT_EMIT_LOC_STRINGS = YES;
				SWIFT_VERSION = 5.0;
				TARGETED_DEVICE_FAMILY = 1;
			};
			name = Debug;
		};
		1894489A29B1F5F400A56EEE /* Release */ = {
			isa = XCBuildConfiguration;
			buildSettings = {
				ASSETCATALOG_COMPILER_APPICON_NAME = AppIcon;
				ASSETCATALOG_COMPILER_GLOBAL_ACCENT_COLOR_NAME = AccentColor;
				CODE_SIGN_IDENTITY = "iPhone Developer";
				CODE_SIGN_STYLE = Manual;
				CURRENT_PROJECT_VERSION = 1;
				DEVELOPMENT_TEAM = 6CWF679Z8N;
				GENERATE_INFOPLIST_FILE = YES;
				INFOPLIST_FILE = InAppNotification/Info.plist;
				INFOPLIST_KEY_UIApplicationSupportsIndirectInputEvents = YES;
				INFOPLIST_KEY_UILaunchStoryboardName = LaunchScreen;
				INFOPLIST_KEY_UIMainStoryboardFile = Main;
				INFOPLIST_KEY_UISupportedInterfaceOrientations_iPad = "UIInterfaceOrientationPortrait UIInterfaceOrientationPortraitUpsideDown UIInterfaceOrientationLandscapeLeft UIInterfaceOrientationLandscapeRight";
				INFOPLIST_KEY_UISupportedInterfaceOrientations_iPhone = "UIInterfaceOrientationPortrait UIInterfaceOrientationLandscapeLeft UIInterfaceOrientationLandscapeRight";
				IPHONEOS_DEPLOYMENT_TARGET = 12.2;
				LD_RUNPATH_SEARCH_PATHS = (
					"$(inherited)",
					"@executable_path/Frameworks",
				);
				MARKETING_VERSION = 1.0;
				PRODUCT_BUNDLE_IDENTIFIER = com.sparkout.test;
				PRODUCT_NAME = "$(TARGET_NAME)";
				PROVISIONING_PROFILE_SPECIFIER = test_project_dev;
				SWIFT_EMIT_LOC_STRINGS = YES;
				SWIFT_VERSION = 5.0;
				TARGETED_DEVICE_FAMILY = 1;
			};
			name = Release;
		};
/* End XCBuildConfiguration section */

/* Begin XCConfigurationList section */
		1894487F29B1F5F100A56EEE /* Build configuration list for PBXProject "InAppNotification" */ = {
			isa = XCConfigurationList;
			buildConfigurations = (
				1894489629B1F5F400A56EEE /* Debug */,
				1894489729B1F5F400A56EEE /* Release */,
			);
			defaultConfigurationIsVisible = 0;
			defaultConfigurationName = Release;
		};
		1894489829B1F5F400A56EEE /* Build configuration list for PBXNativeTarget "InAppNotification" */ = {
			isa = XCConfigurationList;
			buildConfigurations = (
				1894489929B1F5F400A56EEE /* Debug */,
				1894489A29B1F5F400A56EEE /* Release */,
			);
			defaultConfigurationIsVisible = 0;
			defaultConfigurationName = Release;
		};
/* End XCConfigurationList section */

/* Begin XCRemoteSwiftPackageReference section */
		1894489B29B20A3600A56EEE /* XCRemoteSwiftPackageReference "firebase-ios-sdk" */ = {
			isa = XCRemoteSwiftPackageReference;
			repositoryURL = "https://github.com/firebase/firebase-ios-sdk";
			requirement = {
				kind = upToNextMajorVersion;
				minimumVersion = 9.0.0;
			};
		};
/* End XCRemoteSwiftPackageReference section */

/* Begin XCSwiftPackageProductDependency section */
		1894489C29B20A3600A56EEE /* FirebaseAnalytics */ = {
			isa = XCSwiftPackageProductDependency;
			package = 1894489B29B20A3600A56EEE /* XCRemoteSwiftPackageReference "firebase-ios-sdk" */;
			productName = FirebaseAnalytics;
		};
		1894489E29B20A3600A56EEE /* FirebaseAuth */ = {
			isa = XCSwiftPackageProductDependency;
			package = 1894489B29B20A3600A56EEE /* XCRemoteSwiftPackageReference "firebase-ios-sdk" */;
			productName = FirebaseAuth;
		};
		189448A029B20A3600A56EEE /* FirebaseCrashlytics */ = {
			isa = XCSwiftPackageProductDependency;
			package = 1894489B29B20A3600A56EEE /* XCRemoteSwiftPackageReference "firebase-ios-sdk" */;
			productName = FirebaseCrashlytics;
		};
		189448A229B20A3600A56EEE /* FirebaseDatabase */ = {
			isa = XCSwiftPackageProductDependency;
			package = 1894489B29B20A3600A56EEE /* XCRemoteSwiftPackageReference "firebase-ios-sdk" */;
			productName = FirebaseDatabase;
		};
		189448A429B20A3600A56EEE /* FirebaseFirestore */ = {
			isa = XCSwiftPackageProductDependency;
			package = 1894489B29B20A3600A56EEE /* XCRemoteSwiftPackageReference "firebase-ios-sdk" */;
			productName = FirebaseFirestore;
		};
		189448A629B20A3600A56EEE /* FirebaseInAppMessaging-Beta */ = {
			isa = XCSwiftPackageProductDependency;
			package = 1894489B29B20A3600A56EEE /* XCRemoteSwiftPackageReference "firebase-ios-sdk" */;
			productName = "FirebaseInAppMessaging-Beta";
		};
		189448A829B20A3600A56EEE /* FirebaseInAppMessagingSwift-Beta */ = {
			isa = XCSwiftPackageProductDependency;
			package = 1894489B29B20A3600A56EEE /* XCRemoteSwiftPackageReference "firebase-ios-sdk" */;
			productName = "FirebaseInAppMessagingSwift-Beta";
		};
		189448AA29B20A3600A56EEE /* FirebaseInstallations */ = {
			isa = XCSwiftPackageProductDependency;
			package = 1894489B29B20A3600A56EEE /* XCRemoteSwiftPackageReference "firebase-ios-sdk" */;
			productName = FirebaseInstallations;
		};
		189448AC29B20A3600A56EEE /* FirebaseRemoteConfig */ = {
			isa = XCSwiftPackageProductDependency;
			package = 1894489B29B20A3600A56EEE /* XCRemoteSwiftPackageReference "firebase-ios-sdk" */;
			productName = FirebaseRemoteConfig;
		};
		189448AE29B20A3600A56EEE /* FirebaseRemoteConfigSwift */ = {
			isa = XCSwiftPackageProductDependency;
			package = 1894489B29B20A3600A56EEE /* XCRemoteSwiftPackageReference "firebase-ios-sdk" */;
			productName = FirebaseRemoteConfigSwift;
		};
/* End XCSwiftPackageProductDependency section */
	};
	rootObject = 1894487C29B1F5F100A56EEE /* Project object */;
}
